
Microsoft Visual Studio Solution File, Format Version 11.00
# Visual Studio 2010
Project("{FAE04EC0-301F-11D3-BF4B-00C04F79EFBC}") = "FluentCodeDom", "FluentCodeDom\FluentCodeDom.csproj", "{68817B32-D337-4390-8F53-6BDAC2BAB82A}"
EndProject
Project("{FAE04EC0-301F-11D3-BF4B-00C04F79EFBC}") = "FluentCodeDom.Linq", "FluentCodeDom.Linq\FluentCodeDom.Linq.csproj", "{90720CF1-B1E9-4896-92D4-C56A55E0E9A4}"
EndProject
Project("{FAE04EC0-301F-11D3-BF4B-00C04F79EFBC}") = "FluentCodeDom.Samples", "FluentCodeDom.Samples\FluentCodeDom.Samples.csproj", "{54380A3A-40C0-4F04-AF9E-BE18B598A402}"
EndProject
Project("{FAE04EC0-301F-11D3-BF4B-00C04F79EFBC}") = "FluentCodeDom.Test", "FluentCodeDom.Test\FluentCodeDom.Test.csproj", "{EF6B54C5-25F1-40DC-8289-94D6CFC53451}"
EndProject
Global
	GlobalSection(TeamFoundationVersionControl) = preSolution
		SccNumberOfProjects = 5
		SccEnterpriseProvider = {4CA58AB2-18FA-4F8D-95D4-32DDF27D184C}
		SccTeamFoundationServer = https://tfs.codeplex.com/tfs/tfs23
		SccLocalPath0 = .
		SccProjectUniqueName1 = FluentCodeDom.Linq\\FluentCodeDom.Linq.csproj
		SccProjectName1 = FluentCodeDom.Linq
		SccLocalPath1 = FluentCodeDom.Linq
		SccProjectUniqueName2 = FluentCodeDom.Samples\\FluentCodeDom.Samples.csproj
		SccProjectName2 = FluentCodeDom.Samples
		SccLocalPath2 = FluentCodeDom.Samples
		SccProjectUniqueName3 = FluentCodeDom.Test\\FluentCodeDom.Test.csproj
		SccProjectName3 = FluentCodeDom.Test
		SccLocalPath3 = FluentCodeDom.Test
		SccProjectUniqueName4 = FluentCodeDom\\FluentCodeDom.csproj
		SccProjectName4 = FluentCodeDom
		SccLocalPath4 = FluentCodeDom
	EndGlobalSection
	GlobalSection(SolutionConfigurationPlatforms) = preSolution
		Debug|Any CPU = Debug|Any CPU
		Release|Any CPU = Release|Any CPU
	EndGlobalSection
	GlobalSection(ProjectConfigurationPlatforms) = postSolution
		{68817B32-D337-4390-8F53-6BDAC2BAB82A}.Debug|Any CPU.ActiveCfg = Debug|Any CPU
		{68817B32-D337-4390-8F53-6BDAC2BAB82A}.Debug|Any CPU.Build.0 = Debug|Any CPU
		{68817B32-D337-4390-8F53-6BDAC2BAB82A}.Release|Any CPU.ActiveCfg = Release|Any CPU
		{68817B32-D337-4390-8F53-6BDAC2BAB82A}.Release|Any CPU.Build.0 = Release|Any CPU
		{90720CF1-B1E9-4896-92D4-C56A55E0E9A4}.Debug|Any CPU.ActiveCfg = Debug|Any CPU
		{90720CF1-B1E9-4896-92D4-C56A55E0E9A4}.Debug|Any CPU.Build.0 = Debug|Any CPU
		{90720CF1-B1E9-4896-92D4-C56A55E0E9A4}.Release|Any CPU.ActiveCfg = Release|Any CPU
		{90720CF1-B1E9-4896-92D4-C56A55E0E9A4}.Release|Any CPU.Build.0 = Release|Any CPU
		{54380A3A-40C0-4F04-AF9E-BE18B598A402}.Debug|Any CPU.ActiveCfg = Debug|Any CPU
		{54380A3A-40C0-4F04-AF9E-BE18B598A402}.Debug|Any CPU.Build.0 = Debug|Any CPU
		{54380A3A-40C0-4F04-AF9E-BE18B598A402}.Release|Any CPU.ActiveCfg = Release|Any CPU
		{54380A3A-40C0-4F04-AF9E-BE18B598A402}.Release|Any CPU.Build.0 = Release|Any CPU
		{EF6B54C5-25F1-40DC-8289-94D6CFC53451}.Debug|Any CPU.ActiveCfg = Debug|Any CPU
		{EF6B54C5-25F1-40DC-8289-94D6CFC53451}.Debug|Any CPU.Build.0 = Debug|Any CPU
		{EF6B54C5-25F1-40DC-8289-94D6CFC53451}.Release|Any CPU.ActiveCfg = Release|Any CPU
		{EF6B54C5-25F1-40DC-8289-94D6CFC53451}.Release|Any CPU.Build.0 = Release|Any CPU
	EndGlobalSection
	GlobalSection(SolutionProperties) = preSolution
		HideSolutionNode = FALSE
	EndGlobalSection
EndGlobal
